{
  "name": "dovroyn",
  "version": "0.1.0",
  "lockfileVersion": 3,
  "requires": true,
  "packages": {
    "": {
      "name": "dovroyn",
      "version": "0.1.0",
      "dependencies": {
        "@supabase/supabase-js": "^2.110.0",
        "@vercel/analytics": "^2.0.1",
        "@vitejs/plugin-react": "latest",
        "lucide-react": "^1.23.0",
        "react": "latest",
        "react-dom": "latest",
        "react-icons": "^5.7.0",
        "react-router-dom": "^7.18.1",
        "vite": "latest"
      }
    },
    "node_modules/@emnapi/core": {
      "version": "1.11.1",
      "resolved": "https://registry.npmjs.org/@emnapi/core/-/core-1.11.1.tgz",
      "integrity": "sha512-RSvbQmHzdKzNsLYa/wHrbc3KN4sYLKAdPZxqiM2HATqv/SBk2/ENSHpvXGaLOMcsAyz0poEGqkmmKYG3OWiJEQ==",
      "license": "MIT",
      "optional": true,
      "dependencies": {
        "@emnapi/wasi-threads": "1.2.2",
        "tslib": "^2.4.0"
      }
    },
    "node_modules/@emnapi/runtime": {
      "version": "1.11.1",
      "resolved": "https://registry.npmjs.org/@emnapi/runtime/-/runtime-1.11.1.tgz",
      "integrity": "sha512-vgj7R3y3Wgx24IQaGPA/R6YFXLHVMOZ0uVEyIQPaWs+rd1AzfEMXlAC22FYwO1XkKR6NPsq7mUandH8oIRdZFw==",
      "license": "MIT",
      "optional": true,
      "dependencies": {
        "tslib": "^2.4.0"
      }
    },
    "node_modules/@emnapi/wasi-threads": {
      "version": "1.2.2",
      "resolved": "https://registry.npmjs.org/@emnapi/wasi-threads/-/wasi-threads-1.2.2.tgz",
      "integrity": "sha512-c95qOXkHdydNKhscBTebqEC1CVAZpyqOfVfBzQ1qgzyl3gfeldUjIggDbIZgDKsHLgnsM+igH7TJ/eAasaVuMA==",
      "license": "MIT",
      "optional": true,
      "dependencies": {
        "tslib": "^2.4.0"
      }
    },
    "node_modules/@napi-rs/wasm-runtime": {
      "version": "1.1.6",
      "resolved": "https://registry.npmjs.org/@napi-rs/wasm-runtime/-/wasm-runtime-1.1.6.tgz",
      "integrity": "sha512-ZLv/JdUfkvOy9eCnnBaGfiO+XimbjebAeO+MRQqD/B+FR1tnRN0tpKSJHRbE8sFfS6aqsXZ67TQjfwfsxULVbg==",
      "license": "MIT",
      "optional": true,
      "dependencies": {
        "@tybys/wasm-util": "^0.10.3"
      },
      "funding": {
        "type": "github",
        "url": "https://github.com/sponsors/Brooooooklyn"
      },
      "peerDependencies": {
        "@emnapi/core": "^1.7.1",
        "@emnapi/runtime": "^1.7.1"
      }
    },
    "node_modules/@oxc-project/types": {
      "version": "0.138.0",
      "resolved": "https://registry.npmjs.org/@oxc-project/types/-/types-0.138.0.tgz",
      "integrity": "sha512-1a7ZKmrRTCoN1XMZ4L0PyyqrMnrNlLyPuOkdSX2MZg7IiIGRUyurNhAm73ptDOraoBcIordsIGKNPKUzy3ZmfA==",
      "license": "MIT",
      "funding": {
        "url": "https://github.com/sponsors/Boshen"
      }
    },
    "node_modules/@rolldown/binding-android-arm64": {
      "version": "1.1.4",
      "resolved": "https://registry.npmjs.org/@rolldown/binding-android-arm64/-/binding-android-arm64-1.1.4.tgz",
      "integrity": "sha512-EZLpf/8y7GXkkra90ML47kzik/GMP3EMcE9bPyHmRfxLC6z9+aW5A8poCsoxjrT5GfEcNAAvWwUHjvP1pUQkfw==",
      "cpu": [
        "arm64"
      ],
      "license": "MIT",
      "optional": true,
      "os": [
        "android"
      ],
      "engines": {
        "node": "^20.19.0 || >=22.12.0"
      }
    },
    "node_modules/@rolldown/binding-darwin-arm64": {
      "version": "1.1.4",
      "resolved": "https://registry.npmjs.org/@rolldown/binding-darwin-arm64/-/binding-darwin-arm64-1.1.4.tgz",
      "integrity": "sha512-aUi+HBvmYb7j8krl1+qJgkG8C17fO79gk3c+jPw4S8glRFc1DTija9S3EyaTSQUm5GJXYKDAsugBEhFHH2vYiQ==",
      "cpu": [
        "arm64"
      ],
      "license": "MIT",
      "optional": true,
      "os": [
        "darwin"
      ],
      "engines": {
        "node": "^20.19.0 || >=22.12.0"
      }
    },
    "node_modules/@rolldown/binding-darwin-x64": {
      "version": "1.1.4",
      "resolved": "https://registry.npmjs.org/@rolldown/binding-darwin-x64/-/binding-darwin-x64-1.1.4.tgz",
      "integrity": "sha512-F7hHC3gwY11+vByKPRWqwGbeXWVgKmL+pTGCinaEhdihzBV2aQ0fvZOch9cXYUOKuKKq429HeYXOqQLc7wFCEg==",
      "cpu": [
        "x64"
      ],
      "license": "MIT",
      "optional": true,
      "os": [
        "darwin"
      ],
      "engines": {
        "node": "^20.19.0 || >=22.12.0"
      }
    },
    "node_modules/@rolldown/binding-freebsd-x64": {
      "version": "1.1.4",
      "resolved": "https://registry.npmjs.org/@rolldown/binding-freebsd-x64/-/binding-freebsd-x64-1.1.4.tgz",
      "integrity": "sha512-sI5yw+7s92SK6odiEhD5lKCBlWcpjHS5qyqpVQbZAJ0fIzEUXrmbl3DH2ybR3PZogulNJF+COLtmA8hUfvkCCQ==",
      "cpu": [
        "x64"
      ],
      "license": "MIT",
      "optional": true,
      "os": [
        "freebsd"
      ],
      "engines": {
        "node": "^20.19.0 || >=22.12.0"
      }
    },
    "node_modules/@rolldown/binding-linux-arm-gnueabihf": {
      "version": "1.1.4",
      "resolved": "https://registry.npmjs.org/@rolldown/binding-linux-arm-gnueabihf/-/binding-linux-arm-gnueabihf-1.1.4.tgz",
      "integrity": "sha512-mCi0OKgEieFircrtVYmQAFGszRtMnZ6fpZAXrxanXAu7lqZcsK1E1RAaZNG0uKAnxox3B1f4EyQNnoyMfN1vAA==",
      "cpu": [
        "arm"
      ],
      "license": "MIT",
      "optional": true,
      "os": [
        "linux"
      ],
      "engines": {
        "node": "^20.19.0 || >=22.12.0"
      }
    },
    "node_modules/@rolldown/binding-linux-arm64-gnu": {
      "version": "1.1.4",
      "resolved": "https://registry.npmjs.org/@rolldown/binding-linux-arm64-gnu/-/binding-linux-arm64-gnu-1.1.4.tgz",
      "integrity": "sha512-B9Ial3Kv5sh0SHnB1g/QWcUQCEvCF6QKGAl4zXypYj65mVI+B4AhFBwPtSN7pDrJeIx8Z7zdy4ntx+wQABom7w==",
      "cpu": [
        "arm64"
      ],
      "license": "MIT",
      "optional": true,
      "os": [
        "linux"
      ],
      "engines": {
        "node": "^20.19.0 || >=22.12.0"
      }
    },
    "node_modules/@rolldown/binding-linux-arm64-musl": {
      "version": "1.1.4",
      "resolved": "https://registry.npmjs.org/@rolldown/binding-linux-arm64-musl/-/binding-linux-arm64-musl-1.1.4.tgz",
      "integrity": "sha512-lZVym0PuHE1KZ22gmFTC15lAkrg9iTszR617oYRB/iPY1A56ywoJzVKOJBKaot5RiikCObmur6pogpse3gRcng==",
      "cpu": [
        "arm64"
      ],
      "license": "MIT",
      "optional": true,
      "os": [
        "linux"
      ],
      "engines": {
        "node": "^20.19.0 || >=22.12.0"
      }
    },
    "node_modules/@rolldown/binding-linux-ppc64-gnu": {
      "version": "1.1.4",
      "resolved": "https://registry.npmjs.org/@rolldown/binding-linux-ppc64-gnu/-/binding-linux-ppc64-gnu-1.1.4.tgz",
      "integrity": "sha512-t2DNiLJWNTbnEHyUzTumldML6ET4/g16467LZoDDJ3tSxGvguL5/NyC2lCsNKuyRycg9XeDQF5SSv+TNOhQEXg==",
      "cpu": [
        "ppc64"
      ],
      "license": "MIT",
      "optional": true,
      "os": [
        "linux"
      ],
      "engines": {
        "node": "^20.19.0 || >=22.12.0"
      }
    },
    "node_modules/@rolldown/binding-linux-s390x-gnu": {
      "version": "1.1.4",
      "resolved": "https://registry.npmjs.org/@rolldown/binding-linux-s390x-gnu/-/binding-linux-s390x-gnu-1.1.4.tgz",
      "integrity": "sha512-0WIRnL1Uw4BvTZRLQt+PVgo6ZKTJadlC2btP+/EOXv2f/DWbY0rEgl+y834mIVwP1FkTlWVTrGGJXf12lru7EQ==",
      "cpu": [
        "s390x"
      ],
      "license": "MIT",
      "optional": true,
      "os": [
        "linux"
      ],
      "engines": {
        "node": "^20.19.0 || >=22.12.0"
      }
    },
    "node_modules/@rolldown/binding-linux-x64-gnu": {
      "version": "1.1.4",
      "resolved": "https://registry.npmjs.org/@rolldown/binding-linux-x64-gnu/-/binding-linux-x64-gnu-1.1.4.tgz",
      "integrity": "sha512-JWtGshGfX+oENAKonoNkqEJX+7hC8yfhi9GUyPX1VX4mdh1y5r+ZiJLR5XzAB0aoP6s/PcILsGjKq8O0mm24bw==",
      "cpu": [
        "x64"
      ],
      "license": "MIT",
      "optional": true,
      "os": [
        "linux"
      ],
      "engines": {
        "node": "^20.19.0 || >=22.12.0"
      }
    },
    "node_modules/@rolldown/binding-linux-x64-musl": {
      "version": "1.1.4",
      "resolved": "https://registry.npmjs.org/@rolldown/binding-linux-x64-musl/-/binding-linux-x64-musl-1.1.4.tgz",
      "integrity": "sha512-rT6yQcxUuXs4CnbofqwHRRV0iem349rLMYpTjkgQGLjrY4ado/eDzwPZPTCgTOlF6Nkp8NEv70yLMTn6qkWxsQ==",
      "cpu": [
        "x64"
      ],
      "license": "MIT",
      "optional": true,
      "os": [
        "linux"
      ],
      "engines": {
        "node": "^20.19.0 || >=22.12.0"
      }
    },
    "node_modules/@rolldown/binding-openharmony-arm64": {
      "version": "1.1.4",
      "resolved": "https://registry.npmjs.org/@rolldown/binding-openharmony-arm64/-/binding-openharmony-arm64-1.1.4.tgz",
      "integrity": "sha512-KXMGoboq5cyaCQjDA4GLuRiOwBQ0EyFnJoVViLeZ45/3rFItRODEr+NdsBcVpll40hhNArlm/speWGRvj08LzA==",
      "cpu": [
        "arm64"
      ],
      "license": "MIT",
      "optional": true,
      "os": [
        "openharmony"
      ],
      "engines": {
        "node": "^20.19.0 || >=22.12.0"
      }
    },
    "node_modules/@rolldown/binding-wasm32-wasi": {
      "version": "1.1.4",
      "resolved": "https://registry.npmjs.org/@rolldown/binding-wasm32-wasi/-/binding-wasm32-wasi-1.1.4.tgz",
      "integrity": "sha512-5K83rb36oJiY7BCyE9zLZtGcPV4g5wvq+xwdO0XPIwDVZI8cyB/AUjkNXGb92/rnmezEkjMOpgY61rtwjQtFwg==",
      "cpu": [
        "wasm32"
      ],
      "license": "MIT",
      "optional": true,
      "dependencies": {
        "@emnapi/core": "1.11.1",
        "@emnapi/runtime": "1.11.1",
        "@napi-rs/wasm-runtime": "^1.1.6"
      },
      "engines": {
        "node": "^20.19.0 || >=22.12.0"
      }
    },
    "node_modules/@rolldown/binding-win32-arm64-msvc": {
      "version": "1.1.4",
      "resolved": "https://registry.npmjs.org/@rolldown/binding-win32-arm64-msvc/-/binding-win32-arm64-msvc-1.1.4.tgz",
      "integrity": "sha512-PnWBtw3TV5KOg69HQQDR0mnQuyCmSGR2pAB4DC1rPF808fgKeTUMj2EOEyKATpgiuxuR5APQmiDO7PDgEjTFSA==",
      "cpu": [
        "arm64"
      ],
      "license": "MIT",
      "optional": true,
      "os": [
        "win32"
      ],
      "engines": {
        "node": "^20.19.0 || >=22.12.0"
      }
    },
    "node_modules/@rolldown/binding-win32-x64-msvc": {
      "version": "1.1.4",
      "resolved": "https://registry.npmjs.org/@rolldown/binding-win32-x64-msvc/-/binding-win32-x64-msvc-1.1.4.tgz",
      "integrity": "sha512-M1lpniBePobTfsa7Ks9a199e1akxsXn+GYBUKsEzv3YFzOm1HJAMNwKI3qr0Zq+mxwx9gOZoTdP1yXRYsZUocQ==",
      "cpu": [
        "x64"
      ],
      "license": "MIT",
      "optional": true,
      "os": [
        "win32"
      ],
      "engines": {
        "node": "^20.19.0 || >=22.12.0"
      }
    },
    "node_modules/@rolldown/pluginutils": {
      "version": "1.0.1",
      "resolved": "https://registry.npmjs.org/@rolldown/pluginutils/-/pluginutils-1.0.1.tgz",
      "integrity": "sha512-2j9bGt5Jh8hj+vPtgzPtl72j0yRxHAyumoo6TNfAjsLB04UtpSvPbPcDcBMxz7n+9CYB0c1GxQFxYRg2jimqGw==",
      "license": "MIT"
    },
    "node_modules/@supabase/auth-js": {
      "version": "2.110.0",
      "resolved": "https://registry.npmjs.org/@supabase/auth-js/-/auth-js-2.110.0.tgz",
      "integrity": "sha512-Mi288WCTp6wxMFCOu/UgzgHEXODjdl2uVTLqK11eanzGZaldU3RyP8Am+ZbNuVzFP+5+iOvppxzv7N5Ym84xTg==",
      "license": "MIT",
      "dependencies": {
        "tslib": "2.8.1"
      },
      "engines": {
        "node": ">=22.0.0"
      }
    },
    "node_modules/@supabase/functions-js": {
      "version": "2.110.0",
      "resolved": "https://registry.npmjs.org/@supabase/functions-js/-/functions-js-2.110.0.tgz",
      "integrity": "sha512-Fde5wlY8ZZy+9yqrWlQHo8MacSyUBArBEtN2boB4thJQigPnQD/cc61qZN0n3I1L0gwhWtHYwIMnOBKxSvF6Hw==",
      "license": "MIT",
      "dependencies": {
        "tslib": "2.8.1"
      },
      "engines": {
        "node": ">=22.0.0"
      }
    },
    "node_modules/@supabase/phoenix": {
      "version": "0.4.4",
      "resolved": "https://registry.npmjs.org/@supabase/phoenix/-/phoenix-0.4.4.tgz",
      "integrity": "sha512-Gt0pqoXuIqX/8dvG0OKp/wMCobXNH3klNbUPBNyOfN0YA1IswrM3HyWFMOPk1Jy+BRaIyDPcFx4jLBwHNmlyfQ==",
      "license": "MIT"
    },
    "node_modules/@supabase/postgrest-js": {
      "version": "2.110.0",
      "resolved": "https://registry.npmjs.org/@supabase/postgrest-js/-/postgrest-js-2.110.0.tgz",
      "integrity": "sha512-ZbC1QZL3jcvBUfVKjJbgRM27G4Mg3Zzqdm44m5pJafe1e52Cli793EOnwQucomBAGEUDd03Nzaf7XV3ji/XexQ==",
      "license": "MIT",
      "dependencies": {
        "tslib": "2.8.1"
      },
      "engines": {
        "node": ">=22.0.0"
      }
    },
    "node_modules/@supabase/realtime-js": {
      "version": "2.110.0",
      "resolved": "https://registry.npmjs.org/@supabase/realtime-js/-/realtime-js-2.110.0.tgz",
      "integrity": "sha512-Wn2AWpneZuDFTkp/65tqctvoh+3JvyTjMam8sTMqVWy5BgkU8zAvFwilPYPPPhkINeKF8NAJKP7FclJ2iGCUMw==",
      "license": "MIT",
      "dependencies": {
        "@supabase/phoenix": "0.4.4",
        "tslib": "2.8.1"
      },
      "engines": {
        "node": ">=22.0.0"
      }
    },
    "node_modules/@supabase/storage-js": {
      "version": "2.110.0",
      "resolved": "https://registry.npmjs.org/@supabase/storage-js/-/storage-js-2.110.0.tgz",
      "integrity": "sha512-71+gU3HrhiylAhftY6FmO5PPdcsScnVcS766CVD+vTYK9qTDLbrx8FhgBYbqGm3iV/wkTfzrNJfjGsMeFRkJRQ==",
      "license": "MIT",
      "dependencies": {
        "iceberg-js": "^0.8.1",
        "tslib": "2.8.1"
      },
      "engines": {
        "node": ">=22.0.0"
      }
    },
    "node_modules/@supabase/supabase-js": {
      "version": "2.110.0",
      "resolved": "https://registry.npmjs.org/@supabase/supabase-js/-/supabase-js-2.110.0.tgz",
      "integrity": "sha512-8yI84VJiEVW4zxZpLUmxXmjzQ7O2St9X/ymzlBETDHTURPWG3LmvbSiibq+7dqAJmyoUfxZnSfXeM4HCM8s4XQ==",
      "license": "MIT",
      "dependencies": {
        "@supabase/auth-js": "2.110.0",
        "@supabase/functions-js": "2.110.0",
        "@supabase/postgrest-js": "2.110.0",
        "@supabase/realtime-js": "2.110.0",
        "@supabase/storage-js": "2.110.0"
      },
      "engines": {
        "node": ">=22.0.0"
      }
    },
    "node_modules/@tybys/wasm-util": {
      "version": "0.10.3",
      "resolved": "https://registry.npmjs.org/@tybys/wasm-util/-/wasm-util-0.10.3.tgz",
      "integrity": "sha512-F3fo1MYrRJYL3zER0OUOmkutjr1Vp23m7OsSgp7nq4SP6OqX6C/56XFIPAl5bt3zaBRjmW7SGz3u/6LwFpYcOg==",
      "license": "MIT",
      "optional": true,
      "dependencies": {
        "tslib": "^2.4.0"
      }
    },
    "node_modules/@vercel/analytics": {
      "version": "2.0.1",
      "resolved": "https://registry.npmjs.org/@vercel/analytics/-/analytics-2.0.1/]:ã_-¢G§²ÚîÆ­yÕÑ½É¥…°%Ù½Éä…¹9…Ùäœ°Ñ¥µ•é½¹”è€UQœ°•µ…¥±}¹½Ñ¥™¥…Ñ¥½¹ÌèÑÉÕ”°Ý••­±å}‘¥•ÍÐèÑÉÕ”ô¤ì4(€½¹ÍÐmÍÑ…ÑÕÌ°Í•ÑMÑ…ÑÕÍt€ôÕÍ•MÑ…Ñ” œœ¤ì4(4(€ÕÍ•™™•Ð  ¤€ôøì4(€€€±•Ð¥¹½É”€ô™…±Í”ì4(€€€¥˜€ …ÍÕÁ…‰…Í•½¹™¥ÕÉ•ñð€…ÕÍ•Èü¹¥¤É•ÑÕÉ¸ì4(€€€ÍÕÁ…‰…Í”¹™É½´ ÕÍ•É}Í•ÑÑ¥¹Ìœ¤¹Í•±•Ð œ¨œ¤¹•Ä ÕÍ•É}¥œ°ÕÍ•È¹¥¤¹µ…å‰•M¥¹±” ¤4(€€€€€€¹Ñ¡•¸ ¡ì‘…Ñ„°•ÉÉ½Èô¤€ôøì4(€€€€€€€¥˜€¡¥¹½É”¤É•ÑÕÉ¸ì4(€€€€€€€¥˜€¡‘…Ñ„¤Í•ÑM•ÑÑ¥¹Ì¡ìÝ½É­ÍÁ…•}¹…µ”è‘…Ñ„¹Ý½É­ÍÁ…•}¹…µ”ñð€½ÙÉ½å¸A½½µµ…¹•¹ÑÉ”œ°Ñ¡•µ”è‘…Ñ„¹Ñ¡•µ”ñð€‘¥Ñ½É¥…°%Ù½Éä…¹9…Ùäœ°Ñ¥µ•é½¹”è‘…Ñ„¹Ñ¥µ•é½¹”ñð€UQœ°•µ…¥±}¹½Ñ¥™¥…Ñ¥½¹Ìè	½½±•…¸¡‘…Ñ„¹•µ…¥±}¹½Ñ¥™¥…Ñ¥½¹Ì¤°Ý••­±å}‘¥•ÍÐè	½½±•…¸¡‘…Ñ„¹Ý••­±å}‘¥•ÍÐ¤ô¤ì4(€€€€€ô¤ì4(€€€É•ÑÕÉ¸€ ¤€ôøì¥¹½É”€ôÑÉÕ”ìôì4(€ô°mÕÍ•Èü¹¥‘t¤ì4(4(€½¹ÍÐÍ…Ù•M•ÑÑ¥¹Ì€ô…Íå¹Œ€¡•Ù•¹Ð¤€ôøì4(€€€•Ù•¹Ð¹ÁÉ•Ù•¹Ñ•™…Õ±Ð ¤ì4(€€€¥˜€ …ÍÕÁ…‰…Í•½¹™¥ÕÉ•ñð€…ÕÍ•Èü¹¥¤ìÍ•ÑMÑ…ÑÕÌ ½¹™¥ÕÉ”MÕÁ…‰…Í”Ñ¼Í…Ù”¸œ¤ìÉ•ÑÕÉ¸ìô4(€€€½¹ÍÐì•ÉÉ½Èô€ô…Ý…¥ÐÍÕÁ…‰…Í”¹™É½´ ÕÍ•É}Í•ÑÑ¥¹Ìœ¤¹ÕÁÍ•ÉÐ¡ìÕÍ•É}¥èÕÍ•È¹¥°€¸¸¹Í•ÑÑ¥¹Ì°ÕÁ‘…Ñ•‘}…Ðè¹•Ü…Ñ” ¤¹Ñ½%M=MÑÉ¥¹œ ¤ô¤ì4(€€€Í•ÑMÑ…ÑÕÌ¡•ÉÉ½È€ü•ÉÉ½È¹µ•ÍÍ…”€è€M•ÑÑ¥¹ÌÕÁ‘…Ñ•¸œ¤ì4(€ôì4(4(€É•ÑÕÉ¸€ 4(€€€€ñ™½É´±…ÍÍ9…µ”ô‰…Éµ™½É´Á…¹•°ˆ½¹MÕ‰µ¥ÐõíÍ…Ù•M•ÑÑ¥¹Íôø4(€€€€€€ñ ÌùM•ÑÑ¥¹Ìð½ Ìø4(€€€€€€ñ±…‰•°ù½Õ¹Ðñ¥¹ÁÕÐÙ…±Õ”õíÕÍ•Èü¹•µ…¥°ñð€9½ÐÍ¥¹•¥¸ôÉ•…‘=¹±ä€¼øð½±…‰•°ø4(€€€€€€ñ±…‰•°ùMÕ‰ÍÉ¥ÁÑ¥½¸Ñ¥•Èñ¥¹ÁÕÐÙ…±Õ”õíÍÕ‰ÍÉ¥ÁÑ¥½¸ü¹Ñ¥•Èñð€É•”ôÉ•…‘=¹±ä€¼øð½±…‰•°ø4(€€€€€€ñ±…‰•°ù]½É­ÍÁ…”¹…µ”ñ¥¹ÁÕÐÙ…±Õ”õíÍ•ÑÑ¥¹Ì¹Ý½É­ÍÁ…•}¹…µ•ô½¹¡…¹”õì¡”¤€ôøÍ•ÑM•ÑÑ¥¹Ì ¡À¤€ôø€¡ì€¸¸¹À°Ý½É­ÍÁ…•}¹…µ”è”¹Ñ…É•Ð¹Ù…±Õ”ô¤¥ô€¼øð½±…‰•°ø4(€€€€€€ñ±…‰•°ùQ¡•µ”4(€€€€€€€€ñÍ•±•ÐÙ…±Õ”õíÍ•ÑÑ¥¹Ì¹Ñ¡•µ•ô½¹¡…¹”õì¡”¤€ôøÍ•ÑM•ÑÑ¥¹Ì ¡À¤€ôø€¡ì€¸¸¹À°Ñ¡•µ”è”¹Ñ…É•Ð¹Ù…±Õ”ô¤¥ôø4(€€€€€€€€€€ñ½ÁÑ¥½¸Ù…±Õ”ô‰‘¥Ñ½É¥…°%Ù½Éä…¹9…Ùäˆù‘¥Ñ½É¥…°%Ù½Éä…¹9…Ùäð½½ÁÑ¥½¸ø4(€€€€€€€€€€ñ½ÁÑ¥½¸Ù…±Õ”ô‰¹Ñ¥ÅÕ”½±1Õá”ˆù¹Ñ¥ÅÕ”½±1Õá”ð½½ÁÑ¥½¸ø4(€€€€€€€€€€ñ½ÁÑ¥½¸Ù…±Õ”ô‰M½™ÐÉ•…´½¹ÑÉ…ÍÐˆùM½™ÐÉ•…´½¹ÑÉ…ÍÐð½½ÁÑ¥½¸ø4(€€€€€€€€ð½Í•±•Ðø4(€€€€€€ð½±…‰•°ø4(€€€€€€ñ±…‰•°ùQ¥µ•é½¹”4(€€€€€€€€ñÍ•±•ÐÙ…±Õ”õíÍ•ÑÑ¥¹Ì¹Ñ¥µ•é½¹•ô½¹¡…¹”õì¡”¤€ôøÍ•ÑM•ÑÑ¥¹Ì ¡À¤€ôø€¡ì€¸¸¹À°Ñ¥µ•é½¹”è”¹Ñ…É•Ð¹Ù…±Õ”ô¤¥ôø4(€€€€€€€€€€ñ½ÁÑ¥½¸Ù…±Õ”ô‰UQˆùUQð½½ÁÑ¥½¸ø4(€€€€€€€€€€ñ½ÁÑ¥½¸Ù…±Õ”ô‰µ•É¥„½9•Ý}e½É¬ˆùµ•É¥„½9•Ý}e½É¬ð½½ÁÑ¥½¸ø4(€€€€€€€€€€ñ½ÁÑ¥½¸Ù…±Õ”ô‰ÕÉ½Á”½1½¹‘½¸ˆùÕÉ½Á”½1½¹‘½¸ð½½ÁÑ¥½¸ø4(€€€€€€€€€€ñ½ÁÑ¥½¸Ù…±Õ”ô‰Í¥„½M¥¹…Á½É”ˆùÍ¥„½M¥¹…Á½É”ð½½ÁÑ¥½¸ø4(€€€€€€€€€€ñ½ÁÑ¥½¸Ù…±Õ”ô‰ÕÍÑÉ…±¥„½Må‘¹•äˆùÕÍÑÉ…±¥„½Må‘¹•äð½½ÁÑ¥½¸ø4(€€€€€€€€ð½Í•±•Ðø4(€€€€€€ð½±…‰•°ø4(€€€€€€ñ±…‰•°±…ÍÍ9…µ”ô‰¡•­‰½àµÉ½Üˆøñ¥¹ÁÕÐÑåÁ”ô‰¡•­‰½àˆ¡•­•õíÍ•ÑÑ¥¹Ì¹•µ…¥±}¹½Ñ¥™¥…Ñ¥½¹Íô½¹¡…¹”õì¡”¤€ôøÍ•ÑM•ÑÑ¥¹Ì ¡À¤€ôø€¡ì€¸¸¹À°•µ…¥±}¹½Ñ¥™¥…Ñ¥½¹Ìè”¹Ñ…É•Ð¹¡•­•ô¤¥ô€¼ùµ…¥°¹½Ñ¥™¥…Ñ¥½¹Ìð½±…‰•°ø4(€€€€€€ñ±…‰•°±…ÍÍ9…µ”ô‰¡•­‰½àµÉ½Üˆøñ¥¹ÁÕÐÑåÁ”ô‰¡•­‰½àˆ¡•­•õíÍ•ÑÑ¥¹Ì¹Ý••­±å}‘¥•ÍÑô½¹¡…¹”õì¡”¤€ôøÍ•ÑM•ÑÑ¥¹Ì ¡À¤€ôø€¡ì€¸¸¹À°Ý••­±å}‘¥•ÍÐè”¹Ñ…É•Ð¹¡•­•ô¤¥ô€¼ù]••­±ä‘¥•ÍÐð½±…‰•°ø4(€€€€€€ñ‰ÕÑÑ½¸±…ÍÍ9…µ”ô‰‰ÕÑÑ½¸‰ÕÑÑ½¸µÁÉ¥µ…ÉäˆÑåÁ”ô‰ÍÕ‰µ¥ÐˆùM…Ù”Í•ÑÑ¥¹Ìð½‰ÕÑÑ½¸ø4(€€€€€íÍÑ…ÑÕÌ€˜˜€ñÀ±…ÍÍ9…µ”ô‰ÍÕ‰Ñ±”ˆùíÍÑ…ÑÕÍôð½Àùô4(€€€€ð½™½É´ø4(€€¤ì4)ô4(4)•áÁ½ÉÐ‘•™…Õ±ÐÁÀì4(